version = 1
revision = 3
requires-python = ">=3.9"

[[package]]
name = "adv-kafka-example"
version = "0.1.0"
source = { virtual = "." }
dependencies = [
    { name = "confluent-kafka" },
]

[package.metadata]
requires-dist = [{ name = "confluent-kafka", specifier = ">=2.13.2" }]

[[package]]
name = "confluent-kafka"
version = "2.13.2"
source = { registry = "https://pypi.org/simple" }
sdist = { url = "https://files.pythonhosted.org/packages/7a/38/f5855cae6d328fa66e689d068709f91cbbd4d72e7e03959998bd43ac6b26/confluent_kafka-2.13.2.tar.gz", hash = "sha256:619d10d1d77c9821ba913b3e42a33ade7f889f3573c7f3c17b57c3056e3310f5", size = 276068, upload-time = "2026-03-02T12:53:31.457Z" }
wheels = [
    { url = "https://files.pythonhosted.org/packages/7e/7c/bd4c2f49ecba57d3338b2f8b466530696eb65565480c18347539cc3104da/confluent_kafka-2.13.2-cp310-cp310-macosx_10_9_x86_64.whl", hash = "sha256:b4ee145e9b05fa56b3da104c3fda0cd63c22dd609ee6d8efea6e87a96ef4ad74", size = 3630069, upload-time = "2026-03-02T12:52:33.637Z" },
    { url = "https://files.pythonhosted.org/packages/7f/f4/b6178a474f725c0aa389ad048c7eba91ea12eb0d392dab26f39d2cf95d60/confluent_kafka-2.13.2-cp310-cp310-macosx_11_0_arm64.whl", hash = "sha256:478f11030a8ee7fafc816b4067f586222adbdc47d710f7e54eceb22a56320359", size = 3190436, upload-time = "2026-03-02T12:52:36.852Z" },
    { url = "https://files.pythonhosted.org/packages/48/6b/08c1efee551e513aa2e61d5583fe7d7bdf870372dfaf6ecf75ec96bdd7ff/confluent_kafka-2.13.2-cp310-cp310-manylinux_2_28_aarch64.whl", hash = "sha256:92bf91c718911d7542aa6e1f60822fe9325b1a5173c5dd64b87c717246788ba2", size = 3719853, upload-time = "2026-03-02T12:52:38.549Z" },
    { url = "https://files.pythonhosted.org/packages/ba/67/98dfe8e699bfa6da0dbf9e03bd23c179ff0c9f27b88448a1d613de9a0d71/confluent_kafka-2.13.2-cp310-cp310-manylinux_2_28_x86_64.whl", hash = "sha256:8b4dd67cb7a973382e02e8ba26e33caf0c70910cf74ef077ca2ad99387fc154a", size = 3976926, upload-time = "2026-03-02T12:52:39.915Z" },
    { url = "https://files.pythonhosted.org/packages/6d/16/534803e8e1fd8246f66c651131c2c02b30c0c8018b3d6c04e9dd80abd792/confluent_kafka-2.13.2-cp310-cp310-win_amd64.whl", hash = "sha256:e36f978d425deda2e57e832b3b9ac733c3668f2dae955b8953df8ae986e3cf5b", size = 4097308, upload-time = "2026-03-02T12:52:41.225Z" },
    { url = "https://files.pythonhosted.org/packages/71/a7/7dfee75b246f5e5f0832a27e365cd9e8050591c5f4301714672bea2375ce/confluent_kafka-2.13.2-cp311-cp311-macosx_10_9_x86_64.whl", hash = "sha256:e85dc2aaf08dcac610d20b24d252a24891440cf33c09396c957781b8a1f24015", size = 3629660, upload-time = "2026-03-02T12:52:42.595Z" },
    { url = "https://files.pythonhosted.org/packages/93/77/bc6bca93f455e91b41b196bb208b9cbfc517442a65abae2391f1af64cd2f/confluent_kafka-2.13.2-cp311-cp311-macosx_11_0_arm64.whl", hash = "sha256:eb1b218beeaae36b3fc94927e30df5f6d662858e766eada2369b290df0b1bff0", size = 3190013, upload-time = "2026-03-02T12:52:44.193Z" },
    { url = "https://files.pythonhosted.org/packages/2e/ce/2ee04c1b2707b6dd7177eab40fced00b474671d2303e5096d96f3bf7e231/confluent_kafka-2.13.2-cp311-cp311-manylinux_2_28_aarch64.whl", hash = "sha256:69b4286296504b89c0c3cd1e531d12053c633e56d2c5b477ff9000524fe24eb5", size = 3719524, upload-time = "2026-03-02T12:52:45.488Z" },
    { url = "https://files.pythonhosted.org/packages/7c/93/5c40e2f7eae52774db6b14060254d001ae8c4ef8d4385bf2f13294dd929f/confluent_kafka-2.13.2-cp311-cp311-manylinux_2_28_x86_64.whl", hash = "sha256:e47be4267d3feda5bf1c066f140f61e61ea28bd6ecdb60c2a52ec1a91b8903e7", size = 3976453, upload-time = "2026-03-02T12:52:47.787Z" },
    { url = "https://files.pythonhosted.org/packages/46/85/a3d25b67470abbd4835fca714a419465323ba79dceefcdda65dfa4415c80/confluent_kafka-2.13.2-cp311-cp311-win_amd64.whl", hash = "sha256:84dd6e7f456910aa4d4763d86efa0dded7167fdf1251b51d808dec0f124f5e13", size = 4097308, upload-time = "2026-03-02T12:52:49.083Z" },
    { url = "https://files.pythonhosted.org/packages/d9/d3/a845c6993a728b8b6bdce9b500d15c3ec3663cd95d2bbf9c1b8cfd519b17/confluent_kafka-2.13.2-cp312-cp312-macosx_10_9_x86_64.whl", hash = "sha256:e259c0d2b9a7e16211b45404f62869502246ac3d03e35a1f80720fd09d262457", size = 3635348, upload-time = "2026-03-02T12:52:50.927Z" },
    { url = "https://files.pythonhosted.org/packages/ab/22/1cb998f7b3ee613d5b29f4b98e4a7539776eb0819b89d7c3cdd19a685692/confluent_kafka-2.13.2-cp312-cp312-macosx_11_0_arm64.whl", hash = "sha256:77ea4ceccdbb67498787b7c02cc329c32417bb730e9383f46c74eb9c5851763c", size = 3194667, upload-time = "2026-03-02T12:52:53.468Z" },
    { url = "https://files.pythonhosted.org/packages/11/38/8a1b12321068e8ae126e62600a55d7a1872f969e1de5ec7f602e0dba8394/confluent_kafka-2.13.2-cp312-cp312-manylinux_2_28_aarch64.whl", hash = "sha256:a64a8967734f865f54b766553d63a40f17081cd3d2c6cfe6d3217aa7494d88fb", size = 3724453, upload-time = "2026-03-02T12:52:55.187Z" },
    { url = "https://files.pythonhosted.org/packages/5c/06/3effa66c59a69e17cc48c69ae2533699f4321fac1b46741f2e4b1aefb1e7/confluent_kafka-2.13.2-cp312-cp312-manylinux_2_28_x86_64.whl", hash = "sha256:e4cb7d112463ec15a01a3f0e0d20392cda6e46156a6439fcaaad2267696f5cde", size = 3980919, upload-time = "2026-03-02T12:52:56.852Z" },
    { url = "https://files.pythonhosted.org/packages/98/22/f76a8b85fad652b4d5c0a0259c8f7bb66393d2d9f277631c754c9ebe5092/confluent_kafka-2.13.2-cp312-cp312-win_amd64.whl", hash = "sha256:44496777ff0104421b8f4bb269728e8a5e772c09f34ae813bc47110e0172ebe0", size = 4097817, upload-time = "2026-03-02T12:52:58.831Z" },
    { url = "https://files.pythonhosted.org/packages/a7/bc/ae9a7f21ba49e55b1be18362cefd7648e4aceb588e254f9ee5edb97fcf44/confluent_kafka-2.13.2-cp313-cp313-macosx_13_0_arm64.whl", hash = "sha256:02702808dd3cfd91f117fbf17181da2a95392967e9f946b1cbdc5589b36e39d1", size = 3199459, upload-time = "2026-03-02T12:53:00.614Z" },
    { url = "https://files.pythonhosted.org/packages/12/94/ccd92f9a3bb685b265bc83ede699651aa526502e4988e906e710d3f24cd3/confluent_kafka-2.13.2-cp313-cp313-macosx_13_0_x86_64.whl", hash = "sha256:7dc3a2da92638c077bbabb07058f1938078b42a89f0bbfdcb852d4289c2de27e", size = 3638743, upload-time = "2026-03-02T12:53:01.951Z" },
    { url = "https://files.pythonhosted.org/packages/ba/66/048925a546a0f8e9134a89441aa4ae663892839004668d1039d5f9dd8d45/confluent_kafka-2.13.2-cp313-cp313-manylinux_2_28_aarch64.whl", hash = "sha256:f3e6d010ad38447a48e0f9fab81edd4d2fd0b5f5a79ab475c30347689e35c6e6", size = 3724788, upload-time = "2026-03-02T12:53:03.775Z" },
    { url = "https://files.pythonhosted.org/packages/ca/a6/53faa22d52d8fc6f58424d4b6c2c32855198fcb776ea8b4404ee50b58c72/confluent_kafka-2.13.2-cp313-cp313-manylinux_2_28_x86_64.whl", hash = "sha256:9161865d8246eb77d1c30233a315bdad96145af783981877664532fa212f56be", size = 3981324, upload-time = "2026-03-02T12:53:05.339Z" },
    { url = "https://files.pythonhosted.org/packages/02/a8/1578956d3721645b24c22b0e9ceeab794fffc197a32074a7572bfbc07ca7/confluent_kafka-2.13.2-cp313-cp313-win_amd64.whl", hash = "sha256:931233798306b859f4870ec58e3951a2bd32d14ef29f944f56892851b0aafab0", size = 4157492, upload-time = "2026-03-02T12:53:06.977Z" },
    { url = "https://files.pythonhosted.org/packages/6a/4c/46f09fcc1dedebb0a0884b072ddde74be8a8bcfb5e3fbc912bd2c8255e6f/confluent_kafka-2.13.2-cp314-cp314-macosx_13_0_arm64.whl", hash = "sha256:9cb0d6820107deca1823d68b96831bd982d0a11c4e6bcf0a12e8040192c48a8f", size = 3199305, upload-time = "2026-03-02T12:53:08.351Z" },
    { url = "https://files.pythonhosted.org/packages/37/3c/56d052bdedb7d4bb56bf993dc017df4434e2eb5e73745f22d0beb3c32999/confluent_kafka-2.13.2-cp314-cp314-macosx_13_0_x86_64.whl", hash = "sha256:b31d94bca493d84927927d1bdd59e1b6d3d921019a657f99f0c8cc5da8c85311", size = 3638586, upload-time = "2026-03-02T12:53:10.01Z" },
    { url = "https://files.pythonhosted.org/packages/33/7a/2bfc9e9341d50813674d3db6425ac4cb963764bffdf589774f94c0cbf852/confluent_kafka-2.13.2-cp314-cp314-manylinux_2_28_aarch64.whl", hash = "sha256:f09adb42fb898a0b3a88b02e77bee472e93f758258945386c77864016b4e4efc", size = 3724554, upload-time = "2026-03-02T12:53:11.682Z" },
    { url = "https://files.pythonhosted.org/packages/cf/bb/0d0cdad1763044f3e06bea52c3332256b17f3e64c04a8214ee217fc68ab0/confluent_kafka-2.13.2-cp314-cp314-manylinux_2_28_x86_64.whl", hash = "sha256:fa3be1fe231e06b2c7501fa3641b30ea90ea17be79ca89806eef22ff34ed106c", size = 3981002, upload-time = "2026-03-02T12:53:13.399Z" },
    { url = "https://files.pythonhosted.org/packages/69/65/361ace93de20ab5d83dc0d108389b29f4549f478e0b8aa0f19baf597c0f0/confluent_kafka-2.13.2-cp314-cp314-win_amd64.whl", hash = "sha256:a8d1e0721de378034ecc928b47238272b56bf20af5dd504233bcb93ce07a38a6", size = 4275836, upload-time = "2026-03-02T12:53:14.703Z" },
    { url = "https://files.pythonhosted.org/packages/cc/44/ab3b501169c329932be3fc1a477e538b4befc5465b5e60fe8f5dad9cff2e/confluent_kafka-2.13.2-cp39-cp39-macosx_10_9_x86_64.whl", hash = "sha256:1db685a956d4763a97239313ba258298622b85033b3d4c751d7a2db1d04f49f2", size = 3630309, upload-time = "2026-03-02T12:53:24.021Z" },
    { url = "https://files.pythonhosted.org/packages/e6/d5/7dce3c5fc7f8113a4f1165bb46ce14465d40cb3e34f7fd932192fce95dda/confluent_kafka-2.13.2-cp39-cp39-macosx_11_0_arm64.whl", hash = "sha256:2532b8c7e6d0f3750cdebe2857bd7f07c7ce18c69a52cd4efd6578827c0d64ff", size = 3190723, upload-time = "2026-03-02T12:53:25.336Z" },
    { url = "https://files.pythonhosted.org/packages/83/1c/ab0d06470089bc3be5d63e9103c5d5787857490a28a8cec5428589941a7f/confluent_kafka-2.13.2-cp39-cp39-manylinux_2_28_aarch64.whl", hash = "sha256:2bc2c0ecc30272f358210632a7ccf085d6ac19b90ccf3818eb3b5b2466a436d9", size = 3719813, upload-time = "2026-03-02T12:53:27.173Z" },
    { url = "https://files.pythonhosted.org/packages/ac/4a/28b5f02fc2cc90c66829f82bfcf7cb9a27419c21b78b7f41bc5ab19bf930/confluent_kafka-2.13.2-cp39-cp39-manylinux_2_28_x86_64.whl", hash = "sha256:f9a0c858625b370e6772dad66fedad91889631ca064b03e45a530c49b51a135d", size = 3977121, upload-time = "2026-03-02T12:53:28.932Z" },
    { url = "https://files.pythonhosted.org/packages/38/19/987f9ddd5113a5331b02cafbda030724a9c320d32135475e7273ab8d362c/confluent_kafka-2.13.2-cp39-cp39-win_amd64.whl", hash = "sha256:501e2d2172b0fa8c3ffa8074adb6cf6d1439c24fa9eaf3192412d58039753dad", size = 4098388, upload-time = "2026-03-02T12:53:30.252Z" },
]
